
Microsoft Visual Studio Solution File, Format Version 12.00
# Visual Studio Version 17
VisualStudioVersion = 17.0.32112.339
MinimumVisualStudioVersion = 10.0.40219.1
Project("{FAE04EC0-301F-11D3-BF4B-00C04F79EFBC}") = "AuthCookiesWithMVCExample", "AuthCookiesWithMVCExample.csproj", "{FC6C9C68-49C1-4448-8C73-88E56CF673A9}"
EndProject
Global
	GlobalSection(SolutionConfigurationPlatforms) = preSolution
		Debug|Any CPU = Debug|Any CPU
		Release|Any CPU = Release|Any CPU
	EndGlobalSection
	GlobalSection(ProjectConfigurationPlatforms) = postSolution
		{FC6C9C68-49C1-4448-8C73-88E56CF673A9}.Debug|Any CPU.ActiveCfg = Debug|Any CPU
		{FC6C9C68-49C1-4448-8C73-88E56CF673A9}.Debug|Any CPU.Build.0 = Debug|Any CPU
		{FC6C9C68-49C1-4448-8C73-88E56CF673A9}.Release|Any CPU.ActiveCfg = Release|Any CPU
		{FC6C9C68-49C1-4448-8C73-88E56CF673A9}.Release|Any CPU.Build.0 = Release|Any CPU
	EndGlobalSection
	GlobalSection(SolutionProperties) = preSolution
		HideSolutionNode = FALSE
	EndGlobalSection
	GlobalSection(ExtensibilityGlobals) = postSolution
		SolutionGuid = {BCDF205C-3141-4C66-BC55-BC45000D2B56}
	EndGlobalSection
EndGlobal
